
Microsoft Visual Studio Solution File, Format Version 12.00
# Visual Studio Version 17
VisualStudioVersion = 17.1.32228.430
MinimumVisualStudioVersion = 10.0.40219.1
Project("{FAE04EC0-301F-11D3-BF4B-00C04F79EFBC}") = "TechnicalService.Web", "TechnicalService.Web\TechnicalService.Web.csproj", "{6F9FF5E0-3889-440E-8782-E759F061255B}"
EndProject
Project("{FAE04EC0-301F-11D3-BF4B-00C04F79EFBC}") = "TechnicalService.Business", "TechnicalService.Business\TechnicalService.Business.csproj", "{A7EFFFC2-DA15-4092-BFE5-E2DF7A448186}"
EndProject
Project("{FAE04EC0-301F-11D3-BF4B-00C04F79EFBC}") = "TechnicalService.Data", "TechnicalService.Data\TechnicalService.Data.csproj", "{191478AE-15A2-4B00-8BBE-F754A00BB2DE}"
EndProject
Project("{FAE04EC0-301F-11D3-BF4B-00C04F79EFBC}") = "TechnicalService.Core", "TechnicalService.Core\TechnicalService.Core.csproj", "{5D88F2FE-CBB4-4DCE-9C3D-9D393C7CFF75}"
EndProject
Global
	GlobalSection(SolutionConfigurationPlatforms) = preSolution
		Debug|Any CPU = Debug|Any CPU
		Release|Any CPU = Release|Any CPU
	EndGlobalSection
	GlobalSection(ProjectConfigurationPlatforms) = postSolution
		{6F9FF5E0-3889-440E-8782-E759F061255B}.Debug|Any CPU.ActiveCfg = Debug|Any CPU
		{6F9FF5E0-3889-440E-8782-E759F061255B}.Debug|Any CPU.Build.0 = Debug|Any CPU
		{6F9FF5E0-3889-440E-8782-E759F061255B}.Release|Any CPU.ActiveCfg = Release|Any CPU
		{6F9FF5E0-3889-440E-8782-E759F061255B}.Release|Any CPU.Build.0 = Release|Any CPU
		{A7EFFFC2-DA15-4092-BFE5-E2DF7A448186}.Debug|Any CPU.ActiveCfg = Debug|Any CPU
		{A7EFFFC2-DA15-4092-BFE5-E2DF7A448186}.Debug|Any CPU.Build.0 = Debug|Any CPU
		{A7EFFFC2-DA15-4092-BFE5-E2DF7A448186}.Release|Any CPU.ActiveCfg = Release|Any CPU
		{A7EFFFC2-DA15-4092-BFE5-E2DF7A448186}.Release|Any CPU.Build.0 = Release|Any CPU
		{191478AE-15A2-4B00-8BBE-F754A00BB2DE}.Debug|Any CPU.ActiveCfg = Debug|Any CPU
		{191478AE-15A2-4B00-8BBE-F754A00BB2DE}.Debug|Any CPU.Build.0 = Debug|Any CPU
		{191478AE-15A2-4B00-8BBE-F754A00BB2DE}.Release|Any CPU.ActiveCfg = Release|Any CPU
		{191478AE-15A2-4B00-8BBE-F754A00BB2DE}.Release|Any CPU.Build.0 = Release|Any CPU
		{5D88F2FE-CBB4-4DCE-9C3D-9D393C7CFF75}.Debug|Any CPU.ActiveCfg = Debug|Any CPU
		{5D88F2FE-CBB4-4DCE-9C3D-9D393C7CFF75}.Debug|Any CPU.Build.0 = Debug|Any CPU
		{5D88F2FE-CBB4-4DCE-9C3D-9D393C7CFF75}.Release|Any CPU.ActiveCfg = Release|Any CPU
		{5D88F2FE-CBB4-4DCE-9C3D-9D393C7CFF75}.Release|Any CPU.Build.0 = Release|Any CPU
	EndGlobalSection
	GlobalSection(SolutionProperties) = preSolution
		HideSolutionNode = FALSE
	EndGlobalSection
	GlobalSection(ExtensibilityGlobals) = postSolution
		SolutionGuid = {08425D1A-C895-424D-980E-7655D86DB282}
	EndGlobalSection
EndGlobal
